
Microsoft Visual Studio Solution File, Format Version 12.00
# Visual Studio 2013
VisualStudioVersion = 12.0.21005.1
MinimumVisualStudioVersion = 10.0.40219.1
Project("{FAE04EC0-301F-11D3-BF4B-00C04F79EFBC}") = "TuImportas.eShop.PL.Web", "TuImportas.eShop.PL.Web\TuImportas.eShop.PL.Web.csproj", "{1321618B-EA69-42C5-8797-605D8836375E}"
EndProject
Project("{FAE04EC0-301F-11D3-BF4B-00C04F79EFBC}") = "TuImportas.eShop.BL.BE", "TuImportas.eShop.BL.BE\TuImportas.eShop.BL.BE.csproj", "{3EC88567-075C-4BBC-9319-1A99F2A1A37F}"
EndProject
Project("{FAE04EC0-301F-11D3-BF4B-00C04F79EFBC}") = "TuImportas.eShop.BL.BC", "TuImportas.eShop.BL.BC\TuImportas.eShop.BL.BC.csproj", "{0DC60B8B-3840-4182-B48A-1E66CC2C3594}"
EndProject
Project("{FAE04EC0-301F-11D3-BF4B-00C04F79EFBC}") = "TuImportas.eShop.DL.DALC", "TuImportas.eShop.DL.DALC\TuImportas.eShop.DL.DALC.csproj", "{32597C7A-F453-48F3-9E0D-590F02172DBA}"
EndProject
Project("{FAE04EC0-301F-11D3-BF4B-00C04F79EFBC}") = "TuImportas.eShop.BL.Helper", "TuImportas.eShop.BL.Helper\TuImportas.eShop.BL.Helper.csproj", "{6AD06C9C-3029-4CC3-8FEB-46777EC9869C}"
EndProject
Project("{FAE04EC0-301F-11D3-BF4B-00C04F79EFBC}") = "SPE.Api", "SPE.Api\SPE.Api.csproj", "{0ADB9D09-7666-4244-B924-D1BC1E3A1D4E}"
EndProject
Global
	GlobalSection(SolutionConfigurationPlatforms) = preSolution
		Debug|Any CPU = Debug|Any CPU
		Release|Any CPU = Release|Any CPU
	EndGlobalSection
	GlobalSection(ProjectConfigurationPlatforms) = postSolution
		{1321618B-EA69-42C5-8797-605D8836375E}.Debug|Any CPU.ActiveCfg = Debug|Any CPU
		{1321618B-EA69-42C5-8797-605D8836375E}.Debug|Any CPU.Build.0 = Debug|Any CPU
		{1321618B-EA69-42C5-8797-605D8836375E}.Release|Any CPU.ActiveCfg = Release|Any CPU
		{1321618B-EA69-42C5-8797-605D8836375E}.Release|Any CPU.Build.0 = Release|Any CPU
		{3EC88567-075C-4BBC-9319-1A99F2A1A37F}.Debug|Any CPU.ActiveCfg = Debug|Any CPU
		{3EC88567-075C-4BBC-9319-1A99F2A1A37F}.Debug|Any CPU.Build.0 = Debug|Any CPU
		{3EC88567-075C-4BBC-9319-1A99F2A1A37F}.Release|Any CPU.ActiveCfg = Release|Any CPU
		{3EC88567-075C-4BBC-9319-1A99F2A1A37F}.Release|Any CPU.Build.0 = Release|Any CPU
		{0DC60B8B-3840-4182-B48A-1E66CC2C3594}.Debug|Any CPU.ActiveCfg = Debug|Any CPU
		{0DC60B8B-3840-4182-B48A-1E66CC2C3594}.Debug|Any CPU.Build.0 = Debug|Any CPU
		{0DC60B8B-3840-4182-B48A-1E66CC2C3594}.Release|Any CPU.ActiveCfg = Release|Any CPU
		{0DC60B8B-3840-4182-B48A-1E66CC2C3594}.Release|Any CPU.Build.0 = Release|Any CPU
		{32597C7A-F453-48F3-9E0D-590F02172DBA}.Debug|Any CPU.ActiveCfg = Debug|Any CPU
		{32597C7A-F453-48F3-9E0D-590F02172DBA}.Debug|Any CPU.Build.0 = Debug|Any CPU
		{32597C7A-F453-48F3-9E0D-590F02172DBA}.Release|Any CPU.ActiveCfg = Release|Any CPU
		{32597C7A-F453-48F3-9E0D-590F02172DBA}.Release|Any CPU.Build.0 = Release|Any CPU
		{6AD06C9C-3029-4CC3-8FEB-46777EC9869C}.Debug|Any CPU.ActiveCfg = Debug|Any CPU
		{6AD06C9C-3029-4CC3-8FEB-46777EC9869C}.Debug|Any CPU.Build.0 = Debug|Any CPU
		{6AD06C9C-3029-4CC3-8FEB-46777EC9869C}.Release|Any CPU.ActiveCfg = Release|Any CPU
		{6AD06C9C-3029-4CC3-8FEB-46777EC9869C}.Release|Any CPU.Build.0 = Release|Any CPU
		{0ADB9D09-7666-4244-B924-D1BC1E3A1D4E}.Debug|Any CPU.ActiveCfg = Debug|Any CPU
		{0ADB9D09-7666-4244-B924-D1BC1E3A1D4E}.Debug|Any CPU.Build.0 = Debug|Any CPU
		{0ADB9D09-7666-4244-B924-D1BC1E3A1D4E}.Release|Any CPU.ActiveCfg = Release|Any CPU
		{0ADB9D09-7666-4244-B924-D1BC1E3A1D4E}.Release|Any CPU.Build.0 = Release|Any CPU
	EndGlobalSection
	GlobalSection(SolutionProperties) = preSolution
		HideSolutionNode = FALSE
	EndGlobalSection
EndGlobal
